
Microsoft Visual Studio Solution File, Format Version 12.00
# Visual Studio 15
VisualStudioVersion = 15.0.26430.6
MinimumVisualStudioVersion = 10.0.40219.1
Project("{FAE04EC0-301F-11D3-BF4B-00C04F79EFBC}") = "CheapIdeas.Web", "CheapIdeas.Web\CheapIdeas.Web.csproj", "{EA519CAB-598D-46D5-AC2B-22106DDB07F2}"
EndProject
Project("{FAE04EC0-301F-11D3-BF4B-00C04F79EFBC}") = "CheapIdeas.Android", "CheapIdeas\CheapIdeas.Android\CheapIdeas.Android.csproj", "{0E63FB72-125B-4BA0-ACFA-CF924034D1C1}"
EndProject
Project("{FAE04EC0-301F-11D3-BF4B-00C04F79EFBC}") = "CheapIdeas", "CheapIdeas\CheapIdeas\CheapIdeas.csproj", "{CDA1AA3B-5701-4163-94E1-AC8C22E763E2}"
EndProject
Project("{FAE04EC0-301F-11D3-BF4B-00C04F79EFBC}") = "CheapIdeas.UWP", "CheapIdeas\CheapIdeas.UWP\CheapIdeas.UWP.csproj", "{74297892-42AA-44A9-AC51-29F407ABCD99}"
EndProject
Project("{FAE04EC0-301F-11D3-BF4B-00C04F79EFBC}") = "CheapIdeas.iOS", "CheapIdeas\CheapIdeas.iOS\CheapIdeas.iOS.csproj", "{DA04D117-684B-4771-BC0E-6D53FD970309}"
EndProject
Project("{2150E333-8FDC-42A3-9474-1A3956D46DE8}") = "Mobile", "Mobile", "{C5823D8D-22ED-4A64-8F79-25C230B0B242}"
EndProject
Project("{2150E333-8FDC-42A3-9474-1A3956D46DE8}") = "Web", "Web", "{B5BD47E5-2DC5-4300-8EC0-7D4B7CE5E205}"
EndProject
Global
	GlobalSection(SolutionConfigurationPlatforms) = preSolution
		Ad-Hoc|Any CPU = Ad-Hoc|Any CPU
		Ad-Hoc|ARM = Ad-Hoc|ARM
		Ad-Hoc|iPhone = Ad-Hoc|iPhone
		Ad-Hoc|iPhoneSimulator = Ad-Hoc|iPhoneSimulator
		Ad-Hoc|x64 = Ad-Hoc|x64
		Ad-Hoc|x86 = Ad-Hoc|x86
		AppStore|Any CPU = AppStore|Any CPU
		AppStore|ARM = AppStore|ARM
		AppStore|iPhone = AppStore|iPhone
		AppStore|iPhoneSimulator = AppStore|iPhoneSimulator
		AppStore|x64 = AppStore|x64
		AppStore|x86 = AppStore|x86
		Debug|Any CPU = Debug|Any CPU
		Debug|ARM = Debug|ARM
		Debug|iPhone = Debug|iPhone
		Debug|iPhoneSimulator = Debug|iPhoneSimulator
		Debug|x64 = Debug|x64
		Debug|x86 = Debug|x86
		Release|Any CPU = Release|Any CPU
		Release|ARM = Release|ARM
		Release|iPhone = Release|iPhone
		Release|iPhoneSimulator = Release|iPhoneSimulator
		Release|x64 = Release|x64
		Release|x86 = Release|x86
	EndGlobalSection
	GlobalSection(ProjectConfigurationPlatforms) = postSolution
		{EA519CAB-598D-46D5-AC2B-22106DDB07F2}.Ad-Hoc|Any CPU.ActiveCfg = Release|Any CPU
		{EA519CAB-598D-46D5-AC2B-22106DDB07F2}.Ad-Hoc|Any CPU.Build.0 = Release|Any CPU
		{EA519CAB-598D-46D5-AC2B-22106DDB07F2}.Ad-Hoc|ARM.ActiveCfg = Release|Any CPU
		{EA519CAB-598D-46D5-AC2B-22106DDB07F2}.Ad-Hoc|ARM.Build.0 = Release|Any CPU
		{EA519CAB-598D-46D5-AC2B-22106DDB07F2}.Ad-Hoc|iPhone.ActiveCfg = Release|Any CPU
		{EA519CAB-598D-46D5-AC2B-22106DDB07F2}.Ad-Hoc|iPhone.Build.0 = Release|Any CPU
		{EA519CAB-598D-46D5-AC2B-22106DDB07F2}.Ad-Hoc|iPhoneSimulator.ActiveCfg = Release|Any CPU
		{EA519CAB-598D-46D5-AC2B-22106DDB07F2}.Ad-Hoc|iPhoneSimulator.Build.0 = Release|Any CPU
		{EA519CAB-598D-46D5-AC2B-22106DDB07F2}.Ad-Hoc|x64.ActiveCfg = Release|Any CPU
		{EA519CAB-598D-46D5-AC2B-22106DDB07F2}.Ad-Hoc|x64.Build.0 = Release|Any CPU
		{EA519CAB-598D-46D5-AC2B-22106DDB07F2}.Ad-Hoc|x86.ActiveCfg = Release|Any CPU
		{EA519CAB-598D-46D5-AC2B-22106DDB07F2}.Ad-Hoc|x86.Build.0 = Release|Any CPU
		{EA519CAB-598D-46D5-AC2B-22106DDB07F2}.AppStore|Any CPU.ActiveCfg = Release|Any CPU
		{EA519CAB-598D-46D5-AC2B-22106DDB07F2}.AppStore|Any CPU.Build.0 = Release|Any CPU
		{EA519CAB-598D-46D5-AC2B-22106DDB07F2}.AppStore|ARM.ActiveCfg = Release|Any CPU
		{EA519CAB-598D-46D5-AC2B-22106DDB07F2}.AppStore|ARM.Build.0 = Release|Any CPU
		{EA519CAB-598D-46D5-AC2B-22106DDB07F2}.AppStore|iPhone.ActiveCfg = Release|Any CPU
		{EA519CAB-598D-46D5-AC2B-22106DDB07F2}.AppStore|iPhone.Build.0 = Release|Any CPU
		{EA519CAB-598D-46D5-AC2B-22106DDB07F2}.AppStore|iPhoneSimulator.ActiveCfg = Release|Any CPU
		{EA519CAB-598D-46D5-AC2B-22106DDB07F2}.AppStore|iPhoneSimulator.Build.0 = Release|Any CPU
		{EA519CAB-598D-46D5-AC2B-22106DDB07F2}.AppStore|x64.ActiveCfg = Release|Any CPU
		{EA519CAB-598D-46D5-AC2B-22106DDB07F2}.AppStore|x64.Build.0 = Release|Any CPU
		{EA519CAB-598D-46D5-AC2B-22106DDB07F2}.AppStore|x86.ActiveCfg = Release|Any CPU
		{EA519CAB-598D-46D5-AC2B-22106DDB07F2}.AppStore|x86.Build.0 = Release|Any CPU
		{EA519CAB-598D-46D5-AC2B-22106DDB07F2}.Debug|Any CPU.ActiveCfg = Debug|Any CPU
		{EA519CAB-598D-46D5-AC2B-22106DDB07F2}.Debug|Any CPU.Build.0 = Debug|Any CPU
		{EA519CAB-598D-46D5-AC2B-22106DDB07F2}.Debug|ARM.ActiveCfg = Debug|Any CPU
		{EA519CAB-598D-46D5-AC2B-22106DDB07F2}.Debug|ARM.Build.0 = Debug|Any CPU
		{EA519CAB-598D-46D5-AC2B-22106DDB07F2}.Debug|iPhone.ActiveCfg = Debug|Any CPU
		{EA519CAB-598D-46D5-AC2B-22106DDB07F2}.Debug|iPhone.Build.0 = Debug|Any CPU
		{EA519CAB-598D-46D5-AC2B-22106DDB07F2}.Debug|iPhoneSimulator.ActiveCfg = Debug|Any CPU
		{EA519CAB-598D-46D5-AC2B-22106DDB07F2}.Debug|iPhoneSimulator.Build.0 = Debug|Any CPU
		{EA519CAB-598D-46D5-AC2B-22106DDB07F2}.Debug|x64.ActiveCfg = Debug|Any CPU
		{EA519CAB-598D-46D5-AC2B-22106DDB07F2}.Debug|x64.Build.0 = Debug|Any CPU
		{EA519CAB-598D-46D5-AC2B-22106DDB07F2}.Debug|x86.ActiveCfg = Debug|Any CPU
		{EA519CAB-598D-46D5-AC2B-22106DDB07F2}.Debug|x86.Build.0 = Debug|Any CPU
		{EA519CAB-598D-46D5-AC2B-22106DDB07F2}.Release|Any CPU.ActiveCfg = Release|Any CPU
		{EA519CAB-598D-46D5-AC2B-22106DDB07F2}.Release|Any CPU.Build.0 = Release|Any CPU
		{EA519CAB-598D-46D5-AC2B-22106DDB07F2}.Release|ARM.ActiveCfg = Release|Any CPU
		{EA519CAB-598D-46D5-AC2B-22106DDB07F2}.Release|ARM.Build.0 = Release|Any CPU
		{EA519CAB-598D-46D5-AC2B-22106DDB07F2}.Release|iPhone.ActiveCfg = Release|Any CPU
		{EA519CAB-598D-46D5-AC2B-22106DDB07F2}.Release|iPhone.Build.0 = Release|Any CPU
		{EA519CAB-598D-46D5-AC2B-22106DDB07F2}.Release|iPhoneSimulator.ActiveCfg = Release|Any CPU
		{EA519CAB-598D-46D5-AC2B-22106DDB07F2}.Release|iPhoneSimulator.Build.0 = Release|Any CPU
		{EA519CAB-598D-46D5-AC2B-22106DDB07F2}.Release|x64.ActiveCfg = Release|Any CPU
		{EA519CAB-598D-46D5-AC2B-22106DDB07F2}.Release|x64.Build.0 = Release|Any CPU
		{EA519CAB-598D-46D5-AC2B-22106DDB07F2}.Release|x86.ActiveCfg = Release|Any CPU
		{EA519CAB-598D-46D5-AC2B-22106DDB07F2}.Release|x86.Build.0 = Release|Any CPU
		{0E63FB72-125B-4BA0-ACFA-CF924034D1C1}.Ad-Hoc|Any CPU.ActiveCfg = Release|Any CPU
		{0E63FB72-125B-4BA0-ACFA-CF924034D1C1}.Ad-Hoc|Any CPU.Build.0 = Release|Any CPU
		{0E63FB72-125B-4BA0-ACFA-CF924034D1C1}.Ad-Hoc|Any CPU.Deploy.0 = Release|Any CPU
		{0E63FB72-125B-4BA0-ACFA-CF924034D1C1}.Ad-Hoc|ARM.ActiveCfg = Release|Any CPU
		{0E63FB72-125B-4BA0-ACFA-CF924034D1C1}.Ad-Hoc|ARM.Build.0 = Release|Any CPU
		{0E63FB72-125B-4BA0-ACFA-CF924034D1C1}.Ad-Hoc|ARM.Deploy.0 = Release|Any CPU
		{0E63FB72-125B-4BA0-ACFA-CF924034D1C1}.Ad-Hoc|iPhone.ActiveCfg = Release|Any CPU
		{0E63FB72-125B-4BA0-ACFA-CF924034D1C1}.Ad-Hoc|iPhone.Build.0 = Release|Any CPU
		{0E63FB72-125B-4BA0-ACFA-CF924034D1C1}.Ad-Hoc|iPhone.Deploy.0 = Release|Any CPU
		{0E63FB72-125B-4BA0-ACFA-CF924034D1C1}.Ad-Hoc|iPhoneSimulator.ActiveCfg = Release|Any CPU
		{0E63FB72-125B-4BA0-ACFA-CF924034D1C1}.Ad-Hoc|iPhoneSimulator.Build.0 = Release|Any CPU
		{0E63FB72-125B-4BA0-ACFA-CF924034D1C1}.Ad-Hoc|iPhoneSimulator.Deploy.0 = Release|Any CPU
		{0E63FB72-125B-4BA0-ACFA-CF924034D1C1}.Ad-Hoc|x64.ActiveCfg = Release|Any CPU
		{0E63FB72-125B-4BA0-ACFA-CF924034D1C1}.Ad-Hoc|x64.Build.0 = Release|Any CPU
		{0E63FB72-125B-4BA0-ACFA-CF924034D1C1}.Ad-Hoc|x64.Deploy.0 = Release|Any CPU
		{0E63FB72-125B-4BA0-ACFA-CF924034D1C1}.Ad-Hoc|x86.ActiveCfg = Release|Any CPU
		{0E63FB72-125B-4BA0-ACFA-CF924034D1C1}.Ad-Hoc|x86.Build.0 = Release|Any CPU
		{0E63FB72-125B-4BA0-ACFA-CF924034D1C1}.Ad-Hoc|x86.Deploy.0 = Release|Any CPU
		{0E63FB72-125B-4BA0-ACFA-CF924034D1C1}.AppStore|Any CPU.ActiveCfg = Release|Any CPU
		{0E63FB72-125B-4BA0-ACFA-CF924034D1C1}.AppStore|Any CPU.Build.0 = Release|Any CPU
		{0E63FB72-125B-4BA0-ACFA-CF924034D1C1}.AppStore|Any CPU.Deploy.0 = Release|Any CPU
		{0E63FB72-125B-4BA0-ACFA-CF924034D1C1}.AppStore|ARM.ActiveCfg = Release|Any CPU
		{0E63FB72-125B-4BA0-ACFA-CF924034D1C1}.AppStore|ARM.Build.0 = Release|Any CPU
		{0E63FB72-125B-4BA0-ACFA-CF924034D1C1}.AppStore|ARM.Deploy.0 = Release|Any CPU
		{0E63FB72-125B-4BA0-ACFA-CF924034D1C1}.AppStore|iPhone.ActiveCfg = Release|Any CPU
		{0E63FB72-125B-4BA0-ACFA-CF924034D1C1}.AppStore|iPhone.Build.0 = Release|Any CPU
		{0E63FB72-125B-4BA0-ACFA-CF924034D1C1}.AppStore|iPhone.Deploy.0 = Release|Any CPU
		{0E63FB72-125B-4BA0-ACFA-CF924034D1C1}.AppStore|iPhoneSimulator.ActiveCfg = Release|Any CPU
		{0E63FB72-125B-4BA0-ACFA-CF924034D1C1}.AppStore|iPhoneSimulator.Build.0 = Release|Any CPU
		{0E63FB72-125B-4BA0-ACFA-CF924034D1C1}.AppStore|iPhoneSimulator.Deploy.0 = Release|Any CPU
		{0E63FB72-125B-4BA0-ACFA-CF924034D1C1}.AppStore|x64.ActiveCfg = Release|Any CPU
		{0E63FB72-125B-4BA0-ACFA-CF924034D1C1}.AppStore|x64.Build.0 = Release|Any CPU
		{0E63FB72-125B-4BA0-ACFA-CF924034D1C1}.AppStore|x64.Deploy.0 = Release|Any CPU
		{0E63FB72-125B-4BA0-ACFA-CF924034D1C1}.AppStore|x86.ActiveCfg = Release|Any CPU
		{0E63FB72-125B-4BA0-ACFA-CF924034D1C1}.AppStore|x86.Build.0 = Release|Any CPU
		{0E63FB72-125B-4BA0-ACFA-CF924034D1C1}.AppStore|x86.Deploy.0 = Release|Any CPU
		{0E63FB72-125B-4BA0-ACFA-CF924034D1C1}.Debug|Any CPU.ActiveCfg = Debug|Any CPU
		{0E63FB72-125B-4BA0-ACFA-CF924034D1C1}.Debug|Any CPU.Build.0 = Debug|Any CPU
		{0E63FB72-125B-4BA0-ACFA-CF924034D1C1}.Debug|Any CPU.Deploy.0 = Debug|Any CPU
		{0E63FB72-125B-4BA0-ACFA-CF924034D1C1}.Debug|ARM.ActiveCfg = Debug|Any CPU
		{0E63FB72-125B-4BA0-ACFA-CF924034D1C1}.Debug|ARM.Build.0 = Debug|Any CPU
		{0E63FB72-125B-4BA0-ACFA-CF924034D1C1}.Debug|ARM.Deploy.0 = Debug|Any CPU
		{0E63FB72-125B-4BA0-ACFA-CF924034D1C1}.Debug|iPhone.ActiveCfg = Debug|Any CPU
		{0E63FB72-125B-4BA0-ACFA-CF924034D1C1}.Debug|iPhone.Build.0 = Debug|Any CPU
		{0E63FB72-125B-4BA0-ACFA-CF924034D1C1}.Debug|iPhone.Deploy.0 = Debug|Any CPU
		{0E63FB72-125B-4BA0-ACFA-CF924034D1C1}.Debug|iPhoneSimulator.ActiveCfg = Debug|Any CPU
		{0E63FB72-125B-4BA0-ACFA-CF924034D1C1}.Debug|iPhoneSimulator.Build.0 = Debug|Any CPU
		{0E63FB72-125B-4BA0-ACFA-CF924034D1C1}.Debug|iPhoneSimulator.Deploy.0 = Debug|Any CPU
		{0E63FB72-125B-4BA0-ACFA-CF924034D1C1}.Debug|x64.ActiveCfg = Debug|Any CPU
		{0E63FB72-125B-4BA0-ACFA-CF924034D1C1}.Debug|x64.Build.0 = Debug|Any CPU
		{0E63FB72-125B-4BA0-ACFA-CF924034D1C1}.Debug|x64.Deploy.0 = Debug|Any CPU
		{0E63FB72-125B-4BA0-ACFA-CF924034D1C1}.Debug|x86.ActiveCfg = Debug|Any CPU
		{0E63FB72-125B-4BA0-ACFA-CF924034D1C1}.Debug|x86.Build.0 = Debug|Any CPU
		{0E63FB72-125B-4BA0-ACFA-CF924034D1C1}.Debug|x86.Deploy.0 = Debug|Any CPU
		{0E63FB72-125B-4BA0-ACFA-CF924034D1C1}.Release|Any CPU.ActiveCfg = Release|Any CPU
		{0E63FB72-125B-4BA0-ACFA-CF924034D1C1}.Release|Any CPU.Build.0 = Release|Any CPU
		{0E63FB72-125B-4BA0-ACFA-CF924034D1C1}.Release|Any CPU.Deploy.0 = Release|Any CPU
		{0E63FB72-125B-4BA0-ACFA-CF924034D1C1}.Release|ARM.ActiveCfg = Release|Any CPU
		{0E63FB72-125B-4BA0-ACFA-CF924034D1C1}.Release|ARM.Build.0 = Release|Any CPU
		{0E63FB72-125B-4BA0-ACFA-CF924034D1C1}.Release|ARM.Deploy.0 = Release|Any CPU
		{0E63FB72-125B-4BA0-ACFA-CF924034D1C1}.Release|iPhone.ActiveCfg = Release|Any CPU
		{0E63FB72-125B-4BA0-ACFA-CF924034D1C1}.Release|iPhone.Build.0 = Release|Any CPU
		{0E63FB72-125B-4BA0-ACFA-CF924034D1C1}.Release|iPhone.Deploy.0 = Release|Any CPU
		{0E63FB72-125B-4BA0-ACFA-CF924034D1C1}.Release|iPhoneSimulator.ActiveCfg = Release|Any CPU
		{0E63FB72-125B-4BA0-ACFA-CF924034D1C1}.Release|iPhoneSimulator.Build.0 = Release|Any CPU
		{0E63FB72-125B-4BA0-ACFA-CF924034D1C1}.Release|iPhoneSimulator.Deploy.0 = Release|Any CPU
		{0E63FB72-125B-4BA0-ACFA-CF924034D1C1}.Release|x64.ActiveCfg = Release|Any CPU
		{0E63FB72-125B-4BA0-ACFA-CF924034D1C1}.Release|x64.Build.0 = Release|Any CPU
		{0E63FB72-125B-4BA0-ACFA-CF924034D1C1}.Release|x64.Deploy.0 = Release|Any CPU
		{0E63FB72-125B-4BA0-ACFA-CF924034D1C1}.Release|x86.ActiveCfg = Release|Any CPU
		{0E63FB72-125B-4BA0-ACFA-CF924034D1C1}.Release|x86.Build.0 = Release|Any CPU
		{0E63FB72-125B-4BA0-ACFA-CF924034D1C1}.Release|x86.Deploy.0 = Release|Any CPU
		{CDA1AA3B-5701-4163-94E1-AC8C22E763E2}.Ad-Hoc|Any CPU.ActiveCfg = Release|Any CPU
		{CDA1AA3B-5701-4163-94E1-AC8C22E763E2}.Ad-Hoc|Any CPU.Build.0 = Release|Any CPU
		{CDA1AA3B-5701-4163-94E1-AC8C22E763E2}.Ad-Hoc|ARM.ActiveCfg = Release|Any CPU
		{CDA1AA3B-5701-4163-94E1-AC8C22E763E2}.Ad-Hoc|ARM.Build.0 = Release|Any CPU
		{CDA1AA3B-5701-4163-94E1-AC8C22E763E2}.Ad-Hoc|iPhone.ActiveCfg = Release|Any CPU
		{CDA1AA3B-5701-4163-94E1-AC8C22E763E2}.Ad-Hoc|iPhone.Build.0 = Release|Any CPU
		{CDA1AA3B-5701-4163-94E1-AC8C22E763E2}.Ad-Hoc|iPhoneSimulator.ActiveCfg = Release|Any CPU
		{CDA1AA3B-5701-4163-94E1-AC8C22E763E2}.Ad-Hoc|iPhoneSimulator.Build.0 = Release|Any CPU
		{CDA1AA3B-5701-4163-94E1-AC8C22E763E2}.Ad-Hoc|x64.ActiveCfg = Release|Any CPU
		{CDA1AA3B-5701-4163-94E1-AC8C22E763E2}.Ad-Hoc|x64.Build.0 = Release|Any CPU
		{CDA1AA3B-5701-4163-94E1-AC8C22E763E2}.Ad-Hoc|x86.ActiveCfg = Release|Any CPU
		{CDA1AA3B-5701-4163-94E1-AC8C22E763E2}.Ad-Hoc|x86.Build.0 = Release|Any CPU
		{CDA1AA3B-5701-4163-94E1-AC8C22E763E2}.AppStore|Any CPU.ActiveCfg = Release|Any CPU
		{CDA1AA3B-5701-4163-94E1-AC8C22E763E2}.AppStore|Any CPU.Build.0 = Release|Any CPU
		{CDA1AA3B-5701-4163-94E1-AC8C22E763E2}.AppStore|ARM.ActiveCfg = Release|Any CPU
		{CDA1AA3B-5701-4163-94E1-AC8C22E763E2}.AppStore|ARM.Build.0 = Release|Any CPU
		{CDA1AA3B-5701-4163-94E1-AC8C22E763E2}.AppStore|iPhone.ActiveCfg = Release|Any CPU
		{CDA1AA3B-5701-4163-94E1-AC8C22E763E2}.AppStore|iPhone.Build.0 = Release|Any CPU
		{CDA1AA3B-5701-4163-94E1-AC8C22E763E2}.AppStore|iPhoneSimulator.ActiveCfg = Release|Any CPU
		{CDA1AA3B-5701-4163-94E1-AC8C22E763E2}.AppStore|iPhoneSimulator.Build.0 = Release|Any CPU
		{CDA1AA3B-5701-4163-94E1-AC8C22E763E2}.AppStore|x64.ActiveCfg = Release|Any CPU
		{CDA1AA3B-5701-4163-94E1-AC8C22E763E2}.AppStore|x64.Build.0 = Release|Any CPU
		{CDA1AA3B-5701-4163-94E1-AC8C22E763E2}.AppStore|x86.ActiveCfg = Release|Any CPU
		{CDA1AA3B-5701-4163-94E1-AC8C22E763E2}.AppStore|x86.Build.0 = Release|Any CPU
		{CDA1AA3B-5701-4163-94E1-AC8C22E763E2}.Debug|Any CPU.ActiveCfg = Debug|Any CPU
		{CDA1AA3B-5701-4163-94E1-AC8C22E763E2}.Debug|Any CPU.Build.0 = Debug|Any CPU
		{CDA1AA3B-5701-4163-94E1-AC8C22E763E2}.Debug|ARM.ActiveCfg = Debug|Any CPU
		{CDA1AA3B-5701-4163-94E1-AC8C22E763E2}.Debug|ARM.Build.0 = Debug|Any CPU
		{CDA1AA3B-5701-4163-94E1-AC8C22E763E2}.Debug|iPhone.ActiveCfg = Debug|Any CPU
		{CDA1AA3B-5701-4163-94E1-AC8C22E763E2}.Debug|iPhone.Build.0 = Debug|Any CPU
		{CDA1AA3B-5701-4163-94E1-AC8C22E763E2}.Debug|iPhoneSimulator.ActiveCfg = Debug|Any CPU
		{CDA1AA3B-5701-4163-94E1-AC8C22E763E2}.Debug|iPhoneSimulator.Build.0 = Debug|Any CPU
		{CDA1AA3B-5701-4163-94E1-AC8C22E763E2}.Debug|x64.ActiveCfg = Debug|Any CPU
		{CDA1AA3B-5701-4163-94E1-AC8C22E763E2}.Debug|x64.Build.0 = Debug|Any CPU
		{CDA1AA3B-5701-4163-94E1-AC8C22E763E2}.Debug|x86.ActiveCfg = Debug|Any CPU
		{CDA1AA3B-5701-4163-94E1-AC8C22E763E2}.Debug|x86.Build.0 = Debug|Any CPU
		{CDA1AA3B-5701-4163-94E1-AC8C22E763E2}.Release|Any CPU.ActiveCfg = Release|Any CPU
		{CDA1AA3B-5701-4163-94E1-AC8C22E763E2}.Release|Any CPU.Build.0 = Release|Any CPU
		{CDA1AA3B-5701-4163-94E1-AC8C22E763E2}.Release|ARM.ActiveCfg = Release|Any CPU
		{CDA1AA3B-5701-4163-94E1-AC8C22E763E2}.Release|ARM.Build.0 = Release|Any CPU
		{CDA1AA3B-5701-4163-94E1-AC8C22E763E2}.Release|iPhone.ActiveCfg = Release|Any CPU
		{CDA1AA3B-5701-4163-94E1-AC8C22E763E2}.Release|iPhone.Build.0 = Release|Any CPU
		{CDA1AA3B-5701-4163-94E1-AC8C22E763E2}.Release|iPhoneSimulator.ActiveCfg = Release|Any CPU
		{CDA1AA3B-5701-4163-94E1-AC8C22E763E2}.Release|iPhoneSimulator.Build.0 = Release|Any CPU
		{CDA1AA3B-5701-4163-94E1-AC8C22E763E2}.Release|x64.ActiveCfg = Release|Any CPU
		{CDA1AA3B-5701-4163-94E1-AC8C22E763E2}.Release|x64.Build.0 = Release|Any CPU
		{CDA1AA3B-5701-4163-94E1-AC8C22E763E2}.Release|x86.ActiveCfg = Release|Any CPU
		{CDA1AA3B-5701-4163-94E1-AC8C22E763E2}.Release|x86.Build.0 = Release|Any CPU
		{74297892-42AA-44A9-AC51-29F407ABCD99}.Ad-Hoc|Any CPU.ActiveCfg = Release|x86
		{74297892-42AA-44A9-AC51-29F407ABCD99}.Ad-Hoc|Any CPU.Build.0 = Release|x86
		{74297892-42AA-44A9-AC51-29F407ABCD99}.Ad-Hoc|Any CPU.Deploy.0 = Release|x86
		{74297892-42AA-44A9-AC51-29F407ABCD99}.Ad-Hoc|ARM.ActiveCfg = Release|ARM
		{74297892-42AA-44A9-AC51-29F407ABCD99}.Ad-Hoc|ARM.Build.0 = Release|ARM
		{74297892-42AA-44A9-AC51-29F407ABCD99}.Ad-Hoc|ARM.Deploy.0 = Release|ARM
		{74297892-42AA-44A9-AC51-29F407ABCD99}.Ad-Hoc|iPhone.ActiveCfg = Release|x86
		{74297892-42AA-44A9-AC51-29F407ABCD99}.Ad-Hoc|iPhone.Build.0 = Release|x86
		{74297892-42AA-44A9-AC51-29F407ABCD99}.Ad-Hoc|iPhone.Deploy.0 = Release|x86
		{74297892-42AA-44A9-AC51-29F407ABCD99}.Ad-Hoc|iPhoneSimulator.ActiveCfg = Release|x86
		{74297892-42AA-44A9-AC51-29F407ABCD99}.Ad-Hoc|iPhoneSimulator.Build.0 = Release|x86
		{74297892-42AA-44A9-AC51-29F407ABCD99}.Ad-Hoc|iPhoneSimulator.Deploy.0 = Release|x86
		{74297892-42AA-44A9-AC51-29F407ABCD99}.Ad-Hoc|x64.ActiveCfg = Release|x64
		{74297892-42AA-44A9-AC51-29F407ABCD99}.Ad-Hoc|x64.Build.0 = Release|x64
		{74297892-42AA-44A9-AC51-29F407ABCD99}.Ad-Hoc|x64.Deploy.0 = Release|x64
		{74297892-42AA-44A9-AC51-29F407ABCD99}.Ad-Hoc|x86.ActiveCfg = Release|x86
		{74297892-42AA-44A9-AC51-29F407ABCD99}.Ad-Hoc|x86.Build.0 = Release|x86
		{74297892-42AA-44A9-AC51-29F407ABCD99}.Ad-Hoc|x86.Deploy.0 = Release|x86
		{74297892-42AA-44A9-AC51-29F407ABCD99}.AppStore|Any CPU.ActiveCfg = Release|x86
		{74297892-42AA-44A9-AC51-29F407ABCD99}.AppStore|Any CPU.Build.0 = Release|x86
		{74297892-42AA-44A9-AC51-29F407ABCD99}.AppStore|Any CPU.Deploy.0 = Release|x86
		{74297892-42AA-44A9-AC51-29F407ABCD99}.AppStore|ARM.ActiveCfg = Release|ARM
		{74297892-42AA-44A9-AC51-29F407ABCD99}.AppStore|ARM.Build.0 = Release|ARM
		{74297892-42AA-44A9-AC51-29F407ABCD99}.AppStore|ARM.Deploy.0 = Release|ARM
		{74297892-42AA-44A9-AC51-29F407ABCD99}.AppStore|iPhone.ActiveCfg = Release|x86
		{74297892-42AA-44A9-AC51-29F407ABCD99}.AppStore|iPhone.Build.0 = Release|x86
		{74297892-42AA-44A9-AC51-29F407ABCD99}.AppStore|iPhone.Deploy.0 = Release|x86
		{74297892-42AA-44A9-AC51-29F407ABCD99}.AppStore|iPhoneSimulator.ActiveCfg = Release|x86
		{74297892-42AA-44A9-AC51-29F407ABCD99}.AppStore|iPhoneSimulator.Build.0 = Release|x86
		{74297892-42AA-44A9-AC51-29F407ABCD99}.AppStore|iPhoneSimulator.Deploy.0 = Release|x86
		{74297892-42AA-44A9-AC51-29F407ABCD99}.AppStore|x64.ActiveCfg = Release|x64
		{74297892-42AA-44A9-AC51-29F407ABCD99}.AppStore|x64.Build.0 = Release|x64
		{74297892-42AA-44A9-AC51-29F407ABCD99}.AppStore|x64.Deploy.0 = Release|x64
		{74297892-42AA-44A9-AC51-29F407ABCD99}.AppStore|x86.ActiveCfg = Release|x86
		{74297892-42AA-44A9-AC51-29F407ABCD99}.AppStore|x86.Build.0 = Release|x86
		{74297892-42AA-44A9-AC51-29F407ABCD99}.AppStore|x86.Deploy.0 = Release|x86
		{74297892-42AA-44A9-AC51-29F407ABCD99}.Debug|Any CPU.ActiveCfg = Debug|x86
		{74297892-42AA-44A9-AC51-29F407ABCD99}.Debug|ARM.ActiveCfg = Debug|ARM
		{74297892-42AA-44A9-AC51-29F407ABCD99}.Debug|ARM.Build.0 = Debug|ARM
		{74297892-42AA-44A9-AC51-29F407ABCD99}.Debug|ARM.Deploy.0 = Debug|ARM
		{74297892-42AA-44A9-AC51-29F407ABCD99}.Debug|iPhone.ActiveCfg = Debug|x86
		{74297892-42AA-44A9-AC51-29F407ABCD99}.Debug|iPhoneSimulator.ActiveCfg = Debug|x86
		{74297892-42AA-44A9-AC51-29F407ABCD99}.Debug|iPhoneSimulator.Build.0 = Debug|x86
		{74297892-42AA-44A9-AC51-29F407ABCD99}.Debug|iPhoneSimulator.Deploy.0 = Debug|x86
		{74297892-42AA-44A9-AC51-29F407ABCD99}.Debug|x64.ActiveCfg = Debug|x64
		{74297892-42AA-44A9-AC51-29F407ABCD99}.Debug|x64.Build.0 = Debug|x64
		{74297892-42AA-44A9-AC51-29F407ABCD99}.Debug|x64.Deploy.0 = Debug|x64
		{74297892-42AA-44A9-AC51-29F407ABCD99}.Debug|x86.ActiveCfg = Debug|x86
		{74297892-42AA-44A9-AC51-29F407ABCD99}.Debug|x86.Build.0 = Debug|x86
		{74297892-42AA-44A9-AC51-29F407ABCD99}.Debug|x86.Deploy.0 = Debug|x86
		{74297892-42AA-44A9-AC51-29F407ABCD99}.Release|Any CPU.ActiveCfg = Release|x86
		{74297892-42AA-44A9-AC51-29F407ABCD99}.Release|ARM.ActiveCfg = Release|ARM
		{74297892-42AA-44A9-AC51-29F407ABCD99}.Release|ARM.Build.0 = Release|ARM
		{74297892-42AA-44A9-AC51-29F407ABCD99}.Release|ARM.Deploy.0 = Release|ARM
		{74297892-42AA-44A9-AC51-29F407ABCD99}.Release|iPhone.ActiveCfg = Release|x86
		{74297892-42AA-44A9-AC51-29F407ABCD99}.Release|iPhoneSimulator.ActiveCfg = Release|x86
		{74297892-42AA-44A9-AC51-29F407ABCD99}.Release|x64.ActiveCfg = Release|x64
		{74297892-42AA-44A9-AC51-29F407ABCD99}.Release|x64.Build.0 = Release|x64
		{74297892-42AA-44A9-AC51-29F407ABCD99}.Release|x64.Deploy.0 = Release|x64
		{74297892-42AA-44A9-AC51-29F407ABCD99}.Release|x86.ActiveCfg = Release|x86
		{74297892-42AA-44A9-AC51-29F407ABCD99}.Release|x86.Build.0 = Release|x86
		{74297892-42AA-44A9-AC51-29F407ABCD99}.Release|x86.Deploy.0 = Release|x86
		{DA04D117-684B-4771-BC0E-6D53FD970309}.Ad-Hoc|Any CPU.ActiveCfg = Ad-Hoc|iPhone
		{DA04D117-684B-4771-BC0E-6D53FD970309}.Ad-Hoc|ARM.ActiveCfg = Ad-Hoc|iPhone
		{DA04D117-684B-4771-BC0E-6D53FD970309}.Ad-Hoc|iPhone.ActiveCfg = Ad-Hoc|iPhone
		{DA04D117-684B-4771-BC0E-6D53FD970309}.Ad-Hoc|iPhone.Build.0 = Ad-Hoc|iPhone
		{DA04D117-684B-4771-BC0E-6D53FD970309}.Ad-Hoc|iPhoneSimulator.ActiveCfg = Ad-Hoc|iPhoneSimulator
		{DA04D117-684B-4771-BC0E-6D53FD970309}.Ad-Hoc|iPhoneSimulator.Build.0 = Ad-Hoc|iPhoneSimulator
		{DA04D117-684B-4771-BC0E-6D53FD970309}.Ad-Hoc|x64.ActiveCfg = Ad-Hoc|iPhone
		{DA04D117-684B-4771-BC0E-6D53FD970309}.Ad-Hoc|x86.ActiveCfg = Ad-Hoc|iPhone
		{DA04D117-684B-4771-BC0E-6D53FD970309}.AppStore|Any CPU.ActiveCfg = AppStore|iPhone
		{DA04D117-684B-4771-BC0E-6D53FD970309}.AppStore|ARM.ActiveCfg = AppStore|iPhone
		{DA04D117-684B-4771-BC0E-6D53FD970309}.AppStore|iPhone.ActiveCfg = AppStore|iPhone
		{DA04D117-684B-4771-BC0E-6D53FD970309}.AppStore|iPhone.Build.0 = AppStore|iPhone
		{DA04D117-684B-4771-BC0E-6D53FD970309}.AppStore|iPhoneSimulator.ActiveCfg = AppStore|iPhoneSimulator
		{DA04D117-684B-4771-BC0E-6D53FD970309}.AppStore|iPhoneSimulator.Build.0 = AppStore|iPhoneSimulator
		{DA04D117-684B-4771-BC0E-6D53FD970309}.AppStore|x64.ActiveCfg = AppStore|iPhone
		{DA04D117-684B-4771-BC0E-6D53FD970309}.AppStore|x86.ActiveCfg = AppStore|iPhone
		{DA04D117-684B-4771-BC0E-6D53FD970309}.Debug|Any CPU.ActiveCfg = Debug|iPhone
		{DA04D117-684B-4771-BC0E-6D53FD970309}.Debug|ARM.ActiveCfg = Debug|iPhone
		{DA04D117-684B-4771-BC0E-6D53FD970309}.Debug|iPhone.ActiveCfg = Debug|iPhone
		{DA04D117-684B-4771-BC0E-6D53FD970309}.Debug|iPhone.Build.0 = Debug|iPhone
		{DA04D117-684B-4771-BC0E-6D53FD970309}.Debug|iPhoneSimulator.ActiveCfg = Debug|iPhoneSimulator
		{DA04D117-684B-4771-BC0E-6D53FD970309}.Debug|iPhoneSimulator.Build.0 = Debug|iPhoneSimulator
		{DA04D117-684B-4771-BC0E-6D53FD970309}.Debug|x64.ActiveCfg = Debug|iPhone
		{DA04D117-684B-4771-BC0E-6D53FD970309}.Debug|x86.ActiveCfg = Debug|iPhone
		{DA04D117-684B-4771-BC0E-6D53FD970309}.Release|Any CPU.ActiveCfg = Release|iPhone
		{DA04D117-684B-4771-BC0E-6D53FD970309}.Release|ARM.ActiveCfg = Release|iPhone
		{DA04D117-684B-4771-BC0E-6D53FD970309}.Release|iPhone.ActiveCfg = Release|iPhone
		{DA04D117-684B-4771-BC0E-6D53FD970309}.Release|iPhone.Build.0 = Release|iPhone
		{DA04D117-684B-4771-BC0E-6D53FD970309}.Release|iPhoneSimulator.ActiveCfg = Release|iPhoneSimulator
		{DA04D117-684B-4771-BC0E-6D53FD970309}.Release|iPhoneSimulator.Build.0 = Release|iPhoneSimulator
		{DA04D117-684B-4771-BC0E-6D53FD970309}.Release|x64.ActiveCfg = Release|iPhone
		{DA04D117-684B-4771-BC0E-6D53FD970309}.Release|x86.ActiveCfg = Release|iPhone
	EndGlobalSection
	GlobalSection(SolutionProperties) = preSolution
		HideSolutionNode = FALSE
	EndGlobalSection
	GlobalSection(NestedProjects) = preSolution
		{EA519CAB-598D-46D5-AC2B-22106DDB07F2} = {B5BD47E5-2DC5-4300-8EC0-7D4B7CE5E205}
		{0E63FB72-125B-4BA0-ACFA-CF924034D1C1} = {C5823D8D-22ED-4A64-8F79-25C230B0B242}
		{CDA1AA3B-5701-4163-94E1-AC8C22E763E2} = {C5823D8D-22ED-4A64-8F79-25C230B0B242}
		{74297892-42AA-44A9-AC51-29F407ABCD99} = {C5823D8D-22ED-4A64-8F79-25C230B0B242}
		{DA04D117-684B-4771-BC0E-6D53FD970309} = {C5823D8D-22ED-4A64-8F79-25C230B0B242}
	EndGlobalSection
EndGlobal
